
Microsoft Visual Studio Solution File, Format Version 11.00
# Visual Studio 2010
Project("{FAE04EC0-301F-11D3-BF4B-00C04F79EFBC}") = "Chain_of_Responsibility", "Chain_of_Responsibility\Chain_of_Responsibility.csproj", "{E61AE8D1-EADF-4D22-B9F9-47984FF8616D}"
EndProject
Global
	GlobalSection(SolutionConfigurationPlatforms) = preSolution
		Debug|x86 = Debug|x86
		Release|x86 = Release|x86
	EndGlobalSection
	GlobalSection(ProjectConfigurationPlatforms) = postSolution
		{E61AE8D1-EADF-4D22-B9F9-47984FF8616D}.Debug|x86.ActiveCfg = Debug|x86
		{E61AE8D1-EADF-4D22-B9F9-47984FF8616D}.Debug|x86.Build.0 = Debug|x86
		{E61AE8D1-EADF-4D22-B9F9-47984FF8616D}.Release|x86.ActiveCfg = Release|x86
		{E61AE8D1-EADF-4D22-B9F9-47984FF8616D}.Release|x86.Build.0 = Release|x86
	EndGlobalSection
	GlobalSection(SolutionProperties) = preSolution
		HideSolutionNode = FALSE
	EndGlobalSection
EndGlobal
