
Microsoft Visual Studio Solution File, Format Version 11.00
# Visual Studio 2010
Project("{FAE04EC0-301F-11D3-BF4B-00C04F79EFBC}") = "BuilderPattern", "BuilderPattern\BuilderPattern.csproj", "{AEECBA78-33CB-46CF-BCF6-D69B8D25147A}"
EndProject
Global
	GlobalSection(SolutionConfigurationPlatforms) = preSolution
		Debug|x86 = Debug|x86
		Release|x86 = Release|x86
	EndGlobalSection
	GlobalSection(ProjectConfigurationPlatforms) = postSolution
		{AEECBA78-33CB-46CF-BCF6-D69B8D25147A}.Debug|x86.ActiveCfg = Debug|x86
		{AEECBA78-33CB-46CF-BCF6-D69B8D25147A}.Debug|x86.Build.0 = Debug|x86
		{AEECBA78-33CB-46CF-BCF6-D69B8D25147A}.Release|x86.ActiveCfg = Release|x86
		{AEECBA78-33CB-46CF-BCF6-D69B8D25147A}.Release|x86.Build.0 = Release|x86
	EndGlobalSection
	GlobalSection(SolutionProperties) = preSolution
		HideSolutionNode = FALSE
	EndGlobalSection
EndGlobal
