
Microsoft Visual Studio Solution File, Format Version 11.00
# Visual Studio 2010
Project("{FAE04EC0-301F-11D3-BF4B-00C04F79EFBC}") = "PatternModel", "PatternModel\PatternModel.csproj", "{5639403C-7C0A-4C22-A5DD-E06BF66F3E51}"
EndProject
Global
	GlobalSection(SolutionConfigurationPlatforms) = preSolution
		Debug|x86 = Debug|x86
		Release|x86 = Release|x86
	EndGlobalSection
	GlobalSection(ProjectConfigurationPlatforms) = postSolution
		{5639403C-7C0A-4C22-A5DD-E06BF66F3E51}.Debug|x86.ActiveCfg = Debug|x86
		{5639403C-7C0A-4C22-A5DD-E06BF66F3E51}.Debug|x86.Build.0 = Debug|x86
		{5639403C-7C0A-4C22-A5DD-E06BF66F3E51}.Release|x86.ActiveCfg = Release|x86
		{5639403C-7C0A-4C22-A5DD-E06BF66F3E51}.Release|x86.Build.0 = Release|x86
	EndGlobalSection
	GlobalSection(SolutionProperties) = preSolution
		HideSolutionNode = FALSE
	EndGlobalSection
EndGlobal
