
Microsoft Visual Studio Solution File, Format Version 11.00
# Visual Studio 2010
Project("{8BC9CEB8-8B4A-11D0-8D11-00A0C91BC942}") = "Prototype", "Prototype\Prototype.vcxproj", "{D7F1F9DC-289E-4CA5-8E23-53EF03B44819}"
EndProject
Global
	GlobalSection(SolutionConfigurationPlatforms) = preSolution
		Debug|Win32 = Debug|Win32
		Release|Win32 = Release|Win32
	EndGlobalSection
	GlobalSection(ProjectConfigurationPlatforms) = postSolution
		{D7F1F9DC-289E-4CA5-8E23-53EF03B44819}.Debug|Win32.ActiveCfg = Debug|Win32
		{D7F1F9DC-289E-4CA5-8E23-53EF03B44819}.Debug|Win32.Build.0 = Debug|Win32
		{D7F1F9DC-289E-4CA5-8E23-53EF03B44819}.Release|Win32.ActiveCfg = Release|Win32
		{D7F1F9DC-289E-4CA5-8E23-53EF03B44819}.Release|Win32.Build.0 = Release|Win32
	EndGlobalSection
	GlobalSection(SolutionProperties) = preSolution
		HideSolutionNode = FALSE
	EndGlobalSection
EndGlobal
